
Microsoft Visual Studio Solution File, Format Version 12.00
# Visual Studio 15
VisualStudioVersion = 15.0.28307.1231
MinimumVisualStudioVersion = 10.0.40219.1
Project("{FAE04EC0-301F-11D3-BF4B-00C04F79EFBC}") = "KochSnowflake", "KochSnowflake\KochSnowflake.csproj", "{5B2EC0ED-A14E-4EC1-814D-37B72D4A3757}"
EndProject
Global
	GlobalSection(SolutionConfigurationPlatforms) = preSolution
		Debug|Any CPU = Debug|Any CPU
		Release|Any CPU = Release|Any CPU
	EndGlobalSection
	GlobalSection(ProjectConfigurationPlatforms) = postSolution
		{5B2EC0ED-A14E-4EC1-814D-37B72D4A3757}.Debug|Any CPU.ActiveCfg = Debug|Any CPU
		{5B2EC0ED-A14E-4EC1-814D-37B72D4A3757}.Debug|Any CPU.Build.0 = Debug|Any CPU
		{5B2EC0ED-A14E-4EC1-814D-37B72D4A3757}.Release|Any CPU.ActiveCfg = Release|Any CPU
		{5B2EC0ED-A14E-4EC1-814D-37B72D4A3757}.Release|Any CPU.Build.0 = Release|Any CPU
	EndGlobalSection
	GlobalSection(SolutionProperties) = preSolution
		HideSolutionNode = FALSE
	EndGlobalSection
	GlobalSection(ExtensibilityGlobals) = postSolution
		SolutionGuid = {937A5F58-1CD0-4407-B960-F78FF93D53E9}
	EndGlobalSection
EndGlobal
